<?xml version="1.0" encoding="utf-8"?>
<Project ToolsVersion="4.0" xmlns="http://schemas.microsoft.com/developer/msbuild/2003">
  <ItemGroup>
    <ClCompile Include="source\common.cpp" />
    <ClCompile Include="source\loader.cpp" />
    <ClCompile Include="source\camera.cpp">
      <Filter>Camera</Filter>
    </ClCompile>
    <ClCompile Include="source\moveablecamera.cpp">
      <Filter>Camera</Filter>
    </ClCompile>
  </ItemGroup>
  <ItemGroup>
    <ClInclude Include="source\loader.h" />
    <ClInclude Include="source\point.h" />
    <ClInclude Include="source\common.h" />
    <ClInclude Include="source\camera.h">
      <Filter>Camera</Filter>
    </ClInclude>
    <ClInclude Include="source\moveablecamera.h">
      <Filter>Camera</Filter>
    </ClInclude>
  </ItemGroup>
  <ItemGroup>
    <Filter Include="Camera">
      <UniqueIdentifier>{da0f6c4b-81ef-4761-bfbb-96d603d4de15}</UniqueIdentifier>
    </Filter>
  </ItemGroup>
</Project>