<?xml version="1.0" encoding="utf-8"?>
<Project ToolsVersion="4.0" xmlns="http://schemas.microsoft.com/developer/msbuild/2003">
  <ItemGroup>
    <ClCompile Include="source\common.cpp" />
    <ClCompile Include="source\loader.cpp" />
    <ClCompile Include="source\camera.cpp">
      <Filter>GUI\Camera</Filter>
    </ClCompile>
    <ClCompile Include="source\moveablecamera.cpp">
      <Filter>GUI\Camera</Filter>
    </ClCompile>
    <ClCompile Include="source\shader.cpp">
      <Filter>GUI\Shaders</Filter>
    </ClCompile>
    <ClCompile Include="source\renderer.cpp">
      <Filter>GUI\Renderer</Filter>
    </ClCompile>
    <ClCompile Include="source\shaderfactory.cpp">
      <Filter>GUI\Shaders</Filter>
    </ClCompile>
    <ClCompile Include="source\Icosphere.cpp">
      <Filter>GUI\Sphere</Filter>
    </ClCompile>
    <ClCompile Include="source\glad.c">
      <Filter>GUI</Filter>
    </ClCompile>
    <ClCompile Include="source\tests.cpp" />
    <ClCompile Include="source\testutils.cpp" />
    <ClCompile Include="source\timer.cpp" />
    <ClCompile Include="source\configparser.cpp" />
    <ClCompile Include="source\configuration.cpp" />
  </ItemGroup>
  <ItemGroup>
    <ClInclude Include="source\loader.h" />
    <ClInclude Include="source\point.h" />
    <ClInclude Include="source\common.h" />
    <ClInclude Include="source\moveablecamera.h">
      <Filter>GUI\Camera</Filter>
    </ClInclude>
    <ClInclude Include="source\shader.h">
      <Filter>GUI\Shaders</Filter>
    </ClInclude>
    <ClInclude Include="source\renderer.h">
      <Filter>GUI\Renderer</Filter>
    </ClInclude>
    <ClInclude Include="source\shaderfactory.h">
      <Filter>GUI\Shaders</Filter>
    </ClInclude>
    <ClInclude Include="source\camera.h">
      <Filter>GUI\Camera</Filter>
    </ClInclude>
    <ClInclude Include="source\shadertype.h">
      <Filter>GUI\Shaders</Filter>
    </ClInclude>
    <ClInclude Include="source\Icosphere.h">
      <Filter>GUI\Sphere</Filter>
    </ClInclude>
    <ClInclude Include="source\_common.h" />
    <ClInclude Include="source\tests.h" />
    <ClInclude Include="source\testutils.h" />
    <ClInclude Include="source\timer.h" />
    <ClInclude Include="source\configparser.h" />
    <ClInclude Include="source\configuration.h" />
  </ItemGroup>
  <ItemGroup>
    <Filter Include="GUI">
      <UniqueIdentifier>{22d24f08-29f6-4608-9758-6e5c74f8a28a}</UniqueIdentifier>
    </Filter>
    <Filter Include="GUI\Shaders">
      <UniqueIdentifier>{32b1b8ad-4fd1-4112-b2b5-1b14738dd091}</UniqueIdentifier>
    </Filter>
    <Filter Include="GUI\Camera">
      <UniqueIdentifier>{da0f6c4b-81ef-4761-bfbb-96d603d4de15}</UniqueIdentifier>
    </Filter>
    <Filter Include="GUI\Renderer">
      <UniqueIdentifier>{2b4e80d3-6822-49a5-86ab-b2daf48ab7e5}</UniqueIdentifier>
    </Filter>
    <Filter Include="GUI\Sphere">
      <UniqueIdentifier>{aed031b0-fc6c-44a1-b0a6-5f60b7354f9d}</UniqueIdentifier>
    </Filter>
    <Filter Include="configuration">
      <UniqueIdentifier>{8323d1ef-dcbf-4096-82aa-5bcf28bce7d6}</UniqueIdentifier>
    </Filter>
  </ItemGroup>
  <ItemGroup>
    <None Include="source\shaders\vertexshader.vert">
      <Filter>GUI\Shaders</Filter>
    </None>
    <None Include="source\shaders\fragmentshader.frag">
      <Filter>GUI\Shaders</Filter>
    </None>
    <None Include="config\default.json">
      <Filter>configuration</Filter>
    </None>
    <None Include="config\schema.json">
      <Filter>configuration</Filter>
    </None>
  </ItemGroup>
</Project>