<?xml version="1.0" encoding="utf-8"?>
<Project ToolsVersion="4.0" xmlns="http://schemas.microsoft.com/developer/msbuild/2003">
  <ItemGroup>
    <Filter Include="Configuration">
      <UniqueIdentifier>{8323d1ef-dcbf-4096-82aa-5bcf28bce7d6}</UniqueIdentifier>
    </Filter>
    <Filter Include="Renderer">
      <UniqueIdentifier>{cc2cdb2f-5e34-4453-9d80-a2b8d1669dec}</UniqueIdentifier>
    </Filter>
    <Filter Include="Tests">
      <UniqueIdentifier>{e220799f-793f-42a0-8fdb-2f90515c1c43}</UniqueIdentifier>
    </Filter>
    <Filter Include="Utils">
      <UniqueIdentifier>{90ddf398-9f67-4e08-869c-c4dedfef48e9}</UniqueIdentifier>
    </Filter>
  </ItemGroup>
  <ItemGroup>
    <None Include="config\default.json">
      <Filter>Configuration</Filter>
    </None>
    <None Include="config\schema.json">
      <Filter>Configuration</Filter>
    </None>
    <None Include="config\noise_test1.json">
      <Filter>Configuration</Filter>
    </None>
    <None Include="config\noise_test2.json">
      <Filter>Configuration</Filter>
    </None>
	<None Include="config\noise_test3.json">
      <Filter>Configuration</Filter>
    </None>
  </ItemGroup>
  <ItemGroup>
    <ClCompile Include="source\common\camera.cpp">
      <Filter>Renderer</Filter>
    </ClCompile>
    <ClCompile Include="source\common\glad.c">
      <Filter>Renderer</Filter>
    </ClCompile>
    <ClCompile Include="source\common\Icosphere.cpp">
      <Filter>Renderer</Filter>
    </ClCompile>
    <ClCompile Include="source\common\moveablecamera.cpp">
      <Filter>Renderer</Filter>
    </ClCompile>
    <ClCompile Include="source\common\renderer.cpp">
      <Filter>Renderer</Filter>
    </ClCompile>
    <ClCompile Include="source\common\shader.cpp">
      <Filter>Renderer</Filter>
    </ClCompile>
    <ClCompile Include="source\common\shaderfactory.cpp">
      <Filter>Renderer</Filter>
    </ClCompile>
    <ClCompile Include="source\common\testrunner.cpp">
      <Filter>Tests</Filter>
    </ClCompile>
    <ClCompile Include="source\common\testset.cpp">
      <Filter>Tests</Filter>
    </ClCompile>
    <ClCompile Include="source\common\testutils.cpp">
      <Filter>Tests</Filter>
    </ClCompile>
    <ClCompile Include="source\common\timer.cpp">
      <Filter>Tests</Filter>
    </ClCompile>
    <ClCompile Include="source\common\common.cpp" />
    <ClCompile Include="source\common\cpdutils.cpp">
      <Filter>Utils</Filter>
    </ClCompile>
    <ClCompile Include="source\common\fgt.cpp">
      <Filter>Utils</Filter>
    </ClCompile>
    <ClCompile Include="source\common\loader.cpp">
      <Filter>Utils</Filter>
    </ClCompile>
    <ClCompile Include="source\common\nicputils.cpp">
      <Filter>Utils</Filter>
    </ClCompile>
    <ClCompile Include="source\common\configparser.cpp">
      <Filter>Configuration</Filter>
    </ClCompile>
    <ClCompile Include="source\common\configuration.cpp">
      <Filter>Configuration</Filter>
    </ClCompile>
    <ClCompile Include="source\common\mainwrapper.cpp">
      <Filter>Utils</Filter>
    </ClCompile>
    <ClCompile Include="source\common\stb_image.cpp">
      <Filter>Renderer</Filter>
    </ClCompile>
  </ItemGroup>
  <ItemGroup>
    <ClInclude Include="source\common\camera.h">
      <Filter>Renderer</Filter>
    </ClInclude>
    <ClInclude Include="source\common\Icosphere.h">
      <Filter>Renderer</Filter>
    </ClInclude>
    <ClInclude Include="source\common\moveablecamera.h">
      <Filter>Renderer</Filter>
    </ClInclude>
    <ClInclude Include="source\common\renderer.h">
      <Filter>Renderer</Filter>
    </ClInclude>
    <ClInclude Include="source\common\shader.h">
      <Filter>Renderer</Filter>
    </ClInclude>
    <ClInclude Include="source\common\shaderfactory.h">
      <Filter>Renderer</Filter>
    </ClInclude>
    <ClInclude Include="source\common\shadertype.h">
      <Filter>Renderer</Filter>
    </ClInclude>
    <ClInclude Include="source\common\testrunner.h">
      <Filter>Tests</Filter>
    </ClInclude>
    <ClInclude Include="source\common\testset.h">
      <Filter>Tests</Filter>
    </ClInclude>
    <ClInclude Include="source\common\testutils.h">
      <Filter>Tests</Filter>
    </ClInclude>
    <ClInclude Include="source\common\timer.h">
      <Filter>Tests</Filter>
    </ClInclude>
    <ClInclude Include="source\common\_common.h" />
    <ClInclude Include="source\common\common.h" />
    <ClInclude Include="source\common\cpdutils.h">
      <Filter>Utils</Filter>
    </ClInclude>
    <ClInclude Include="source\common\enumerators.h">
      <Filter>Utils</Filter>
    </ClInclude>
    <ClInclude Include="source\common\fgt.h">
      <Filter>Utils</Filter>
    </ClInclude>
    <ClInclude Include="source\common\fgt_model.h">
      <Filter>Utils</Filter>
    </ClInclude>
    <ClInclude Include="source\common\loader.h">
      <Filter>Utils</Filter>
    </ClInclude>
    <ClInclude Include="source\common\nicputils.h">
      <Filter>Utils</Filter>
    </ClInclude>
    <ClInclude Include="source\common\point.h">
      <Filter>Utils</Filter>
    </ClInclude>
    <ClInclude Include="source\common\configparser.h">
      <Filter>Configuration</Filter>
    </ClInclude>
    <ClInclude Include="source\common\configuration.h">
      <Filter>Configuration</Filter>
    </ClInclude>
    <ClInclude Include="source\common\mainwrapper.h">
      <Filter>Utils</Filter>
    </ClInclude>
    <ClInclude Include="source\common\stb_image.h">
      <Filter>Renderer</Filter>
    </ClInclude>
  </ItemGroup>
</Project>