<?xml version="1.0" encoding="utf-8"?>
<Project ToolsVersion="4.0" xmlns="http://schemas.microsoft.com/developer/msbuild/2003">
  <ItemGroup>
    <CudaCompile Include="source\cuda.cu" />
    <CudaCompile Include="cpdcuda.cu" />
  </ItemGroup>
  <ItemGroup>
    <ClCompile Include="source\main.cpp" />
  </ItemGroup>
  <ItemGroup>
    <ClInclude Include="source\cuda.cuh" />
    <ClInclude Include="source\functors.cuh" />
    <ClInclude Include="source\svdparams.cuh" />
    <ClInclude Include="cpdcuda.cuh" />
  </ItemGroup>
</Project>